# THIS IS AN AUTOGENERATED FILE. DO NOT EDIT THIS FILE DIRECTLY.
# yarn lockfile v1


"@ampproject/remapping@^2.2.0":
  version "2.2.0"
  resolved "https://registry.npmjs.org/@ampproject/remapping/-/remapping-2.2.0.tgz"
  integrity sha512-qRmjj8nj9qmLTQXXmaR1cck3UXSRMPrbsLJAasZpF+t3riI71BXed5ebIOYwQntykeZuhjsdweEc9BxH5Jc26w==
  dependencies:
    "@jridgewell/gen-mapping" "^0.1.0"
    "@jridgewell/trace-mapping" "^0.3.9"

"@antfu/install-pkg@^0.1.1":
  version "0.1.1"
  resolved "https://registry.npmjs.org/@antfu/install-pkg/-/install-pkg-0.1.1.tgz"
  integrity sha512-LyB/8+bSfa0DFGC06zpCEfs89/XoWZwws5ygEa5D+Xsm3OfI+aXQ86VgVG7Acyef+rSZ5HE7J8rrxzrQeM3PjQ==
  dependencies:
    execa "^5.1.1"
    find-up "^5.0.0"

"@antfu/utils@^0.5.2":
  version "0.5.2"
  resolved "https://registry.npmjs.org/@antfu/utils/-/utils-0.5.2.tgz"
  integrity sha512-CQkeV+oJxUazwjlHD0/3ZD08QWKuGQkhnrKo3e6ly5pd48VUpXbb77q0xMU4+vc2CkJnDS02Eq/M9ugyX20XZA==

"@antfu/utils@^0.7.2":
  version "0.7.2"
  resolved "https://registry.npmjs.org/@antfu/utils/-/utils-0.7.2.tgz"
  integrity sha512-vy9fM3pIxZmX07dL+VX1aZe7ynZ+YyB0jY+jE6r3hOK6GNY2t6W8rzpFC4tgpbXUYABkFQwgJq2XYXlxbXAI0g==

"@babel/parser@^7.16.4":
  version "7.19.6"
  resolved "https://registry.npmjs.org/@babel/parser/-/parser-7.19.6.tgz"
  integrity sha512-h1IUp81s2JYJ3mRkdxJgs4UvmSsRvDrx5ICSJbPvtWYv5i1nTBGcBpnog+89rAFMwvvru6E5NUHdBe01UeSzYA==

"@esbuild/win32-x64@0.16.17":
  version "0.16.17"
  resolved "https://registry.npmjs.org/@esbuild/win32-x64/-/win32-x64-0.16.17.tgz"
  integrity sha512-y+EHuSchhL7FjHgvQL/0fnnFmO4T1bhvWANX6gcnqTjtnKWbTvUMCpGnv2+t+31d7RzyEAYAd4u2fnIhHL6N/Q==

"@iconify/types@^2.0.0":
  version "2.0.0"
  resolved "https://registry.npmjs.org/@iconify/types/-/types-2.0.0.tgz"
  integrity sha512-+wluvCrRhXrhyOmRDJ3q8mux9JkKy5SJ/v8ol2tu4FVjyYvtEzkc/3pK15ET6RKg4b4w4BmTk1+gsCUhf21Ykg==

"@iconify/utils@^2.1.3":
  version "2.1.4"
  resolved "https://registry.npmjs.org/@iconify/utils/-/utils-2.1.4.tgz"
  integrity sha512-7vzsYIvxv5Hng0MNEtSSnyMBD/+zqnORqmKiYsSgpMBGSz1r93URgBZHPYCZ1/gpoaVstYW4/SVLGCMJBNMCLQ==
  dependencies:
    "@antfu/install-pkg" "^0.1.1"
    "@antfu/utils" "^0.7.2"
    "@iconify/types" "^2.0.0"
    debug "^4.3.4"
    kolorist "^1.7.0"
    local-pkg "^0.4.3"

"@jridgewell/gen-mapping@^0.1.0":
  version "0.1.1"
  resolved "https://registry.npmjs.org/@jridgewell/gen-mapping/-/gen-mapping-0.1.1.tgz"
  integrity sha512-sQXCasFk+U8lWYEe66WxRDOE9PjVz4vSM51fTu3Hw+ClTpUSQb718772vH3pyS5pShp6lvQM7SxgIDXXXmOX7w==
  dependencies:
    "@jridgewell/set-array" "^1.0.0"
    "@jridgewell/sourcemap-codec" "^1.4.10"

"@jridgewell/resolve-uri@3.1.0":
  version "3.1.0"
  resolved "https://registry.npmjs.org/@jridgewell/resolve-uri/-/resolve-uri-3.1.0.tgz"
  integrity sha512-F2msla3tad+Mfht5cJq7LSXcdudKTWCVYUgw6pLFOOHSTtZlj6SWNYAp+AhuqLmWdBO2X5hPrLcu8cVP8fy28w==

"@jridgewell/set-array@^1.0.0":
  version "1.1.2"
  resolved "https://registry.npmjs.org/@jridgewell/set-array/-/set-array-1.1.2.tgz"
  integrity sha512-xnkseuNADM0gt2bs+BvhO0p78Mk762YnZdsuzFV018NoG1Sj1SCQvpSqa7XUaTam5vAGasABV9qXASMKnFMwMw==

"@jridgewell/sourcemap-codec@^1.4.10", "@jridgewell/sourcemap-codec@^1.4.13", "@jridgewell/sourcemap-codec@1.4.14":
  version "1.4.14"
  resolved "https://registry.npmjs.org/@jridgewell/sourcemap-codec/-/sourcemap-codec-1.4.14.tgz"
  integrity sha512-XPSJHWmi394fuUuzDnGz1wiKqWfo1yXecHQMRf2l6hztTO+nPru658AyDngaBe7isIxEkRsPR3FZh+s7iVa4Uw==

"@jridgewell/trace-mapping@^0.3.9":
  version "0.3.17"
  resolved "https://registry.npmjs.org/@jridgewell/trace-mapping/-/trace-mapping-0.3.17.tgz"
  integrity sha512-MCNzAp77qzKca9+W/+I0+sEpaUnZoeasnghNeVc41VZCEKaCH73Vq3BZZ/SzWIgrqE4H4ceI+p+b6C0mHf9T4g==
  dependencies:
    "@jridgewell/resolve-uri" "3.1.0"
    "@jridgewell/sourcemap-codec" "1.4.14"

"@nodelib/fs.scandir@2.1.5":
  version "2.1.5"
  resolved "https://registry.npmjs.org/@nodelib/fs.scandir/-/fs.scandir-2.1.5.tgz"
  integrity sha512-vq24Bq3ym5HEQm2NKCr3yXDwjc7vTsEThRDnkp2DK9p1uqLR+DHurm/NOTo0KG7HYHU7eppKZj3MyqYuMBf62g==
  dependencies:
    "@nodelib/fs.stat" "2.0.5"
    run-parallel "^1.1.9"

"@nodelib/fs.stat@^2.0.2", "@nodelib/fs.stat@2.0.5":
  version "2.0.5"
  resolved "https://registry.npmjs.org/@nodelib/fs.stat/-/fs.stat-2.0.5.tgz"
  integrity sha512-RkhPPp2zrqDAQA/2jNhnztcPAlv64XdhIp7a7454A5ovI7Bukxgt7MX7udwAu3zg1DcpPU0rz3VV1SeaqvY4+A==

"@nodelib/fs.walk@^1.2.3":
  version "1.2.8"
  resolved "https://registry.npmjs.org/@nodelib/fs.walk/-/fs.walk-1.2.8.tgz"
  integrity sha512-oGB+UxlgWcgQkgwo8GcEGwemoTFt3FIO9ababBmaGwXIoBKZ+GTy0pP185beGg7Llih/NSHSV2XAs1lnznocSg==
  dependencies:
    "@nodelib/fs.scandir" "2.1.5"
    fastq "^1.6.0"

"@polka/url@^1.0.0-next.20":
  version "1.0.0-next.21"
  resolved "https://registry.npmjs.org/@polka/url/-/url-1.0.0-next.21.tgz"
  integrity sha512-a5Sab1C4/icpTZVzZc5Ghpz88yQtGOyNqYXcZgOssB2uuAr+wF/MvN6bgtW32q7HHrvBki+BsZ0OuNv6EV3K9g==

"@rollup/pluginutils@^5.0.2":
  version "5.0.2"
  resolved "https://registry.npmjs.org/@rollup/pluginutils/-/pluginutils-5.0.2.tgz"
  integrity sha512-pTd9rIsP92h+B6wWwFbW8RkZv4hiR/xKsqre4SIuAOaOEQRxi0lqLke9k2/7WegC85GgUs9pjmOjCUi3In4vwA==
  dependencies:
    "@types/estree" "^1.0.0"
    estree-walker "^2.0.2"
    picomatch "^2.3.1"

"@types/estree@^1.0.0":
  version "1.0.0"
  resolved "https://registry.npmjs.org/@types/estree/-/estree-1.0.0.tgz"
  integrity sha512-WulqXMDUTYAXCjZnk6JtIHPigp55cVtDgDrO2gHRwhyJto21+1zbVCtOYB2L1F9w4qCQ0rOGWBnBe0FNTiEJIQ==

"@unocss/astro@0.49.7":
  version "0.49.7"
  resolved "https://registry.npmjs.org/@unocss/astro/-/astro-0.49.7.tgz"
  integrity sha512-YYS00Ag2FVi1VYMu8HuOOBvfFQwmSdBPRJGyb4DB2gf+YHdlsZXdp7knMaz8v7psFn+u09fhM2fCwrDX/wClcw==
  dependencies:
    "@unocss/core" "0.49.7"
    "@unocss/reset" "0.49.7"
    "@unocss/vite" "0.49.7"

"@unocss/cli@0.49.7":
  version "0.49.7"
  resolved "https://registry.npmjs.org/@unocss/cli/-/cli-0.49.7.tgz"
  integrity sha512-LDGZ9cqOUpZ2DHRaWZhKkeRZ/hB3CArg91Ko3DKwVBuZ6lV7Vd7kS/AygKnYoDCfy675x4Oj+IiCWn3BXhebyw==
  dependencies:
    "@ampproject/remapping" "^2.2.0"
    "@rollup/pluginutils" "^5.0.2"
    "@unocss/config" "0.49.7"
    "@unocss/core" "0.49.7"
    "@unocss/preset-uno" "0.49.7"
    cac "^6.7.14"
    chokidar "^3.5.3"
    colorette "^2.0.19"
    consola "^2.15.3"
    fast-glob "^3.2.12"
    magic-string "^0.27.0"
    pathe "^1.1.0"
    perfect-debounce "^0.1.3"

"@unocss/config@0.49.7":
  version "0.49.7"
  resolved "https://registry.npmjs.org/@unocss/config/-/config-0.49.7.tgz"
  integrity sha512-RBylyDUtnAifx3W4sQtaxjxXhDFI8RbFZrwV67ja6JUArE6mAgQT8poloa0Hc7pMwWGfHRRNcebZSkS9/v8Rlg==
  dependencies:
    "@unocss/core" "0.49.7"
    unconfig "^0.3.7"

"@unocss/core@0.49.7":
  version "0.49.7"
  resolved "https://registry.npmjs.org/@unocss/core/-/core-0.49.7.tgz"
  integrity sha512-RmSxSqpwrj2Qx4HQTg/xDZsimOfOWqGriUG1w0kFDhNmEoLuxZiDPEZhZYHIo2QaVzxxBdIiSKkMfvFOTqbUgA==

"@unocss/inspector@0.49.7":
  version "0.49.7"
  resolved "https://registry.npmjs.org/@unocss/inspector/-/inspector-0.49.7.tgz"
  integrity sha512-kxB1MPJIZ1kc1t4xV58TDMUtw9Zrg126gZurAmXpm2ftJZiZzDp4S/gP2HKpVgsT+3wwOxIZrMKRqYHuhanjYw==
  dependencies:
    gzip-size "^6.0.0"
    sirv "^2.0.2"

"@unocss/preset-attributify@0.49.7":
  version "0.49.7"
  resolved "https://registry.npmjs.org/@unocss/preset-attributify/-/preset-attributify-0.49.7.tgz"
  integrity sha512-dSw20FFqSbOHjg1qwChxPS1erRiba4YQMCYbdaBXs7ykWbPZzpR5xI3+9MEE83j6xkc6u4Gs5rOWwf5KOfSmGw==
  dependencies:
    "@unocss/core" "0.49.7"

"@unocss/preset-icons@0.49.7":
  version "0.49.7"
  resolved "https://registry.npmjs.org/@unocss/preset-icons/-/preset-icons-0.49.7.tgz"
  integrity sha512-3FKVVr1aagM4oogsXdzUTMO+a1MFf2QogkUR7I2kKbbUoEaYxS0tW0GJt/XHDIJ7yAGgCuAcdmCrxb2M259FVQ==
  dependencies:
    "@iconify/utils" "^2.1.3"
    "@unocss/core" "0.49.7"
    ofetch "^1.0.0"

"@unocss/preset-mini@0.49.7":
  version "0.49.7"
  resolved "https://registry.npmjs.org/@unocss/preset-mini/-/preset-mini-0.49.7.tgz"
  integrity sha512-tI3ZMaP4KdsXjFXea4Ma1G9ZmQ4iCHaWK6GRo+EwISEpJo+1fXr0ST2BhrTYAOu6dKYjF6mJLK4wUuqJ5CIheg==
  dependencies:
    "@unocss/core" "0.49.7"

"@unocss/preset-tagify@0.49.7":
  version "0.49.7"
  resolved "https://registry.npmjs.org/@unocss/preset-tagify/-/preset-tagify-0.49.7.tgz"
  integrity sha512-OIgTRULeOGJRzIs2W1WxjtTAoKQ9ZhIxpu0b97wYnYlO/xWJpmFIMrdX4ZIUk2qPQWvBAaPHypeQ/6aVcTC1MQ==
  dependencies:
    "@unocss/core" "0.49.7"

"@unocss/preset-typography@0.49.7":
  version "0.49.7"
  resolved "https://registry.npmjs.org/@unocss/preset-typography/-/preset-typography-0.49.7.tgz"
  integrity sha512-8gUbNIzb2Xf2ZOTq3eTkpmsYaCBoiLE9B4ArRljImFilD33fJlyeO8Jay0wuSwGO+tn+FpUmu9kBVINvCZ9Nzw==
  dependencies:
    "@unocss/core" "0.49.7"

"@unocss/preset-uno@^0.49.7", "@unocss/preset-uno@0.49.7":
  version "0.49.7"
  resolved "https://registry.npmjs.org/@unocss/preset-uno/-/preset-uno-0.49.7.tgz"
  integrity sha512-wlI2cYcO4fGVhZP5NR4NG+CmNMoD2oDuynsRMDuE0x3YrAhSEyGgL5fj1qPzl0Tn3v4RbqrKX09SGgXrpcjSzQ==
  dependencies:
    "@unocss/core" "0.49.7"
    "@unocss/preset-mini" "0.49.7"
    "@unocss/preset-wind" "0.49.7"

"@unocss/preset-web-fonts@0.49.7":
  version "0.49.7"
  resolved "https://registry.npmjs.org/@unocss/preset-web-fonts/-/preset-web-fonts-0.49.7.tgz"
  integrity sha512-GMeBjXQ1uBIIv5g4zbH7/0Nu+iJL7Q615Ygd+c3RY2CgIFwfY49zRuPiZBPehuCjdBpdGn5wGzmBupDAI2WQlg==
  dependencies:
    "@unocss/core" "0.49.7"
    ofetch "^1.0.0"

"@unocss/preset-wind@0.49.7":
  version "0.49.7"
  resolved "https://registry.npmjs.org/@unocss/preset-wind/-/preset-wind-0.49.7.tgz"
  integrity sha512-QvIYXMfdRVMNGQQl6DRv5nuv4qewQxZOR/5z2FJyFCFqRXz7RvWabsGNDmA1eifInKFKo6obF7o3Lhoqa02CdQ==
  dependencies:
    "@unocss/core" "0.49.7"
    "@unocss/preset-mini" "0.49.7"

"@unocss/reset@0.49.7":
  version "0.49.7"
  resolved "https://registry.npmjs.org/@unocss/reset/-/reset-0.49.7.tgz"
  integrity sha512-dodJ+4LLyBJVLNZZyZNGRnEF/Sepb2n4q+JC+TZ1SjxGpiYGxeDvPFw9kE1M7DZ0XshWE+j31HhojQXc1GDsBA==

"@unocss/scope@0.49.7":
  version "0.49.7"
  resolved "https://registry.npmjs.org/@unocss/scope/-/scope-0.49.7.tgz"
  integrity sha512-uiCX05K2dE1XS67RfEhhZdeoiskOmAqwKBEBRS1JlQjJV9geCtV74iWDvnV/0ibOvF5O9+QWk8ci1xvENBb5nw==

"@unocss/transformer-attributify-jsx@0.49.7":
  version "0.49.7"
  resolved "https://registry.npmjs.org/@unocss/transformer-attributify-jsx/-/transformer-attributify-jsx-0.49.7.tgz"
  integrity sha512-sStmg8WiJvUhWMLBlPq8XVko7PXMzKI4X3+ztUY0d+iglC/8yvLEC3zpKvia6uFyESs7lyoMd9nWtkT5YOo6sg==
  dependencies:
    "@unocss/core" "0.49.7"

"@unocss/transformer-compile-class@0.49.7":
  version "0.49.7"
  resolved "https://registry.npmjs.org/@unocss/transformer-compile-class/-/transformer-compile-class-0.49.7.tgz"
  integrity sha512-+4uXWsAOdBnxoB4zZw11D1WwBuj51G0U/dAkvL+Rro+VMLhoqGGOaBxZJq/68uWp7rveRSLR2/RY4ZrHlOE8BA==
  dependencies:
    "@unocss/core" "0.49.7"

"@unocss/transformer-directives@0.49.7":
  version "0.49.7"
  resolved "https://registry.npmjs.org/@unocss/transformer-directives/-/transformer-directives-0.49.7.tgz"
  integrity sha512-keCgQM+cpUeDOxmmy1H4cxLodEbw2SyhywNUXvoZpasGSEpNtF86TY59H9rhnpCQmVC8iL4BjH4Kead04WdzkA==
  dependencies:
    "@unocss/core" "0.49.7"
    css-tree "^2.3.1"

"@unocss/transformer-variant-group@0.49.7":
  version "0.49.7"
  resolved "https://registry.npmjs.org/@unocss/transformer-variant-group/-/transformer-variant-group-0.49.7.tgz"
  integrity sha512-qbsFiaZJ1xG/2inMj71Krr4ChVXPRRYSuYRRrDWR+FGmIiDxjWwXXfI2sxeCg/jGkglYYtz3ih6IolAZJojmhA==
  dependencies:
    "@unocss/core" "0.49.7"

"@unocss/vite@0.49.7":
  version "0.49.7"
  resolved "https://registry.npmjs.org/@unocss/vite/-/vite-0.49.7.tgz"
  integrity sha512-Sk0wnxQ8T2oKhZ1dp1/shBqIWSwLMkLdPNPLuwzgUJ7BBT/2YN0T2CDoLVjQQb4T9qAjdHlnbF14SF3z2KF4ng==
  dependencies:
    "@ampproject/remapping" "^2.2.0"
    "@rollup/pluginutils" "^5.0.2"
    "@unocss/config" "0.49.7"
    "@unocss/core" "0.49.7"
    "@unocss/inspector" "0.49.7"
    "@unocss/scope" "0.49.7"
    "@unocss/transformer-directives" "0.49.7"
    chokidar "^3.5.3"
    fast-glob "^3.2.12"
    magic-string "^0.29.0"

"@vitejs/plugin-vue@^4.0.0":
  version "4.0.0"
  resolved "https://registry.npmjs.org/@vitejs/plugin-vue/-/plugin-vue-4.0.0.tgz"
  integrity sha512-e0X4jErIxAB5oLtDqbHvHpJe/uWNkdpYV83AOG2xo2tEVSzCzewgJMtREZM30wXnM5ls90hxiOtAuVU6H5JgbA==

"@vue/compiler-core@3.2.47":
  version "3.2.47"
  resolved "https://registry.npmjs.org/@vue/compiler-core/-/compiler-core-3.2.47.tgz"
  integrity sha512-p4D7FDnQb7+YJmO2iPEv0SQNeNzcbHdGByJDsT4lynf63AFkOTFN07HsiRSvjGo0QrxR/o3d0hUyNCUnBU2Tig==
  dependencies:
    "@babel/parser" "^7.16.4"
    "@vue/shared" "3.2.47"
    estree-walker "^2.0.2"
    source-map "^0.6.1"

"@vue/compiler-dom@3.2.47":
  version "3.2.47"
  resolved "https://registry.npmjs.org/@vue/compiler-dom/-/compiler-dom-3.2.47.tgz"
  integrity sha512-dBBnEHEPoftUiS03a4ggEig74J2YBZ2UIeyfpcRM2tavgMWo4bsEfgCGsu+uJIL/vax9S+JztH8NmQerUo7shQ==
  dependencies:
    "@vue/compiler-core" "3.2.47"
    "@vue/shared" "3.2.47"

"@vue/compiler-sfc@3.2.47":
  version "3.2.47"
  resolved "https://registry.npmjs.org/@vue/compiler-sfc/-/compiler-sfc-3.2.47.tgz"
  integrity sha512-rog05W+2IFfxjMcFw10tM9+f7i/+FFpZJJ5XHX72NP9eC2uRD+42M3pYcQqDXVYoj74kHMSEdQ/WmCjt8JFksQ==
  dependencies:
    "@babel/parser" "^7.16.4"
    "@vue/compiler-core" "3.2.47"
    "@vue/compiler-dom" "3.2.47"
    "@vue/compiler-ssr" "3.2.47"
    "@vue/reactivity-transform" "3.2.47"
    "@vue/shared" "3.2.47"
    estree-walker "^2.0.2"
    magic-string "^0.25.7"
    postcss "^8.1.10"
    source-map "^0.6.1"

"@vue/compiler-ssr@3.2.47":
  version "3.2.47"
  resolved "https://registry.npmjs.org/@vue/compiler-ssr/-/compiler-ssr-3.2.47.tgz"
  integrity sha512-wVXC+gszhulcMD8wpxMsqSOpvDZ6xKXSVWkf50Guf/S+28hTAXPDYRTbLQ3EDkOP5Xz/+SY37YiwDquKbJOgZw==
  dependencies:
    "@vue/compiler-dom" "3.2.47"
    "@vue/shared" "3.2.47"

"@vue/reactivity-transform@3.2.47":
  version "3.2.47"
  resolved "https://registry.npmjs.org/@vue/reactivity-transform/-/reactivity-transform-3.2.47.tgz"
  integrity sha512-m8lGXw8rdnPVVIdIFhf0LeQ/ixyHkH5plYuS83yop5n7ggVJU+z5v0zecwEnX7fa7HNLBhh2qngJJkxpwEEmYA==
  dependencies:
    "@babel/parser" "^7.16.4"
    "@vue/compiler-core" "3.2.47"
    "@vue/shared" "3.2.47"
    estree-walker "^2.0.2"
    magic-string "^0.25.7"

"@vue/reactivity@3.2.47":
  version "3.2.47"
  resolved "https://registry.npmjs.org/@vue/reactivity/-/reactivity-3.2.47.tgz"
  integrity sha512-7khqQ/75oyyg+N/e+iwV6lpy1f5wq759NdlS1fpAhFXa8VeAIKGgk2E/C4VF59lx5b+Ezs5fpp/5WsRYXQiKxQ==
  dependencies:
    "@vue/shared" "3.2.47"

"@vue/runtime-core@3.2.47":
  version "3.2.47"
  resolved "https://registry.npmjs.org/@vue/runtime-core/-/runtime-core-3.2.47.tgz"
  integrity sha512-RZxbLQIRB/K0ev0K9FXhNbBzT32H9iRtYbaXb0ZIz2usLms/D55dJR2t6cIEUn6vyhS3ALNvNthI+Q95C+NOpA==
  dependencies:
    "@vue/reactivity" "3.2.47"
    "@vue/shared" "3.2.47"

"@vue/runtime-dom@3.2.47":
  version "3.2.47"
  resolved "https://registry.npmjs.org/@vue/runtime-dom/-/runtime-dom-3.2.47.tgz"
  integrity sha512-ArXrFTjS6TsDei4qwNvgrdmHtD930KgSKGhS5M+j8QxXrDJYLqYw4RRcDy1bz1m1wMmb6j+zGLifdVHtkXA7gA==
  dependencies:
    "@vue/runtime-core" "3.2.47"
    "@vue/shared" "3.2.47"
    csstype "^2.6.8"

"@vue/server-renderer@3.2.47":
  version "3.2.47"
  resolved "https://registry.npmjs.org/@vue/server-renderer/-/server-renderer-3.2.47.tgz"
  integrity sha512-dN9gc1i8EvmP9RCzvneONXsKfBRgqFeFZLurmHOveL7oH6HiFXJw5OGu294n1nHc/HMgTy6LulU/tv5/A7f/LA==
  dependencies:
    "@vue/compiler-ssr" "3.2.47"
    "@vue/shared" "3.2.47"

"@vue/shared@3.2.47":
  version "3.2.47"
  resolved "https://registry.npmjs.org/@vue/shared/-/shared-3.2.47.tgz"
  integrity sha512-BHGyyGN3Q97EZx0taMQ+OLNuZcW3d37ZEVmEAyeoA9ERdGvm9Irc/0Fua8SNyOtV1w6BS4q25wbMzJujO9HIfQ==

anymatch@~3.1.2:
  version "3.1.2"
  resolved "https://registry.npmjs.org/anymatch/-/anymatch-3.1.2.tgz"
  integrity sha512-P43ePfOAIupkguHUycrc4qJ9kz8ZiuOUijaETwX7THt0Y/GNK7v0aa8rY816xWjZ7rJdA5XdMcpVFTKMq+RvWg==
  dependencies:
    normalize-path "^3.0.0"
    picomatch "^2.0.4"

binary-extensions@^2.0.0:
  version "2.2.0"
  resolved "https://registry.npmjs.org/binary-extensions/-/binary-extensions-2.2.0.tgz"
  integrity sha512-jDctJ/IVQbZoJykoeHbhXpOlNBqGNcwXJKJog42E5HDPUwQTSdjCHdihjj0DlnheQ7blbT6dHOafNAiS8ooQKA==

braces@^3.0.2, braces@~3.0.2:
  version "3.0.2"
  resolved "https://registry.npmjs.org/braces/-/braces-3.0.2.tgz"
  integrity sha512-b8um+L1RzM3WDSzvhm6gIz1yfTbBt6YTlcEKAvsmqCZZFw46z626lVj9j1yEPW33H5H+lBQpZMP1k8l+78Ha0A==
  dependencies:
    fill-range "^7.0.1"

cac@^6.7.14:
  version "6.7.14"
  resolved "https://registry.npmjs.org/cac/-/cac-6.7.14.tgz"
  integrity sha512-b6Ilus+c3RrdDk+JhLKUAQfzzgLEPy6wcXqS7f/xe1EETvsDP6GORG7SFuOs6cID5YkqchW/LXZbX5bc8j7ZcQ==

chokidar@^3.5.3:
  version "3.5.3"
  resolved "https://registry.npmjs.org/chokidar/-/chokidar-3.5.3.tgz"
  integrity sha512-Dr3sfKRP6oTcjf2JmUmFJfeVMvXBdegxB0iVQ5eb2V10uFJUCAS8OByZdVAyVb8xXNz3GjjTgj9kLWsZTqE6kw==
  dependencies:
    anymatch "~3.1.2"
    braces "~3.0.2"
    glob-parent "~5.1.2"
    is-binary-path "~2.1.0"
    is-glob "~4.0.1"
    normalize-path "~3.0.0"
    readdirp "~3.6.0"
  optionalDependencies:
    fsevents "~2.3.2"

colorette@^2.0.19:
  version "2.0.19"
  resolved "https://registry.npmjs.org/colorette/-/colorette-2.0.19.tgz"
  integrity sha512-3tlv/dIP7FWvj3BsbHrGLJ6l/oKh1O3TcgBqMn+yyCagOxc23fyzDS6HypQbgxWbkpDnf52p1LuR4eWDQ/K9WQ==

consola@^2.15.3:
  version "2.15.3"
  resolved "https://registry.npmjs.org/consola/-/consola-2.15.3.tgz"
  integrity sha512-9vAdYbHj6x2fLKC4+oPH0kFzY/orMZyG2Aj+kNylHxKGJ/Ed4dpNyAQYwJOdqO4zdM7XpVHmyejQDcQHrnuXbw==

cross-spawn@^7.0.3:
  version "7.0.3"
  resolved "https://registry.npmjs.org/cross-spawn/-/cross-spawn-7.0.3.tgz"
  integrity sha512-iRDPJKUPVEND7dHPO8rkbOnPpyDygcDFtWjpeWNCgy8WP2rXcxXL8TskReQl6OrB2G7+UJrags1q15Fudc7G6w==
  dependencies:
    path-key "^3.1.0"
    shebang-command "^2.0.0"
    which "^2.0.1"

css-tree@^2.3.1:
  version "2.3.1"
  resolved "https://registry.npmjs.org/css-tree/-/css-tree-2.3.1.tgz"
  integrity sha512-6Fv1DV/TYw//QF5IzQdqsNDjx/wc8TrMBZsqjL9eW01tWb7R7k/mq+/VXfJCl7SoD5emsJop9cOByJZfs8hYIw==
  dependencies:
    mdn-data "2.0.30"
    source-map-js "^1.0.1"

csstype@^2.6.8:
  version "2.6.21"
  resolved "https://registry.npmjs.org/csstype/-/csstype-2.6.21.tgz"
  integrity sha512-Z1PhmomIfypOpoMjRQB70jfvy/wxT50qW08YXO5lMIJkrdq4yOTR+AW7FqutScmB9NkLwxo+jU+kZLbofZZq/w==

debug@^4.3.4:
  version "4.3.4"
  resolved "https://registry.npmjs.org/debug/-/debug-4.3.4.tgz"
  integrity sha512-PRWFHuSU3eDtQJPvnNY7Jcket1j0t5OuOsFzPPzsekD52Zl8qUfFIPEiswXqIvHWGVHOgX+7G/vCNNhehwxfkQ==
  dependencies:
    ms "2.1.2"

defu@^6.1.0:
  version "6.1.0"
  resolved "https://registry.npmjs.org/defu/-/defu-6.1.0.tgz"
  integrity sha512-pOFYRTIhoKujrmbTRhcW5lYQLBXw/dlTwfI8IguF1QCDJOcJzNH1w+YFjxqy6BAuJrClTy6MUE8q+oKJ2FLsIw==

destr@^1.2.2:
  version "1.2.2"
  resolved "https://registry.npmjs.org/destr/-/destr-1.2.2.tgz"
  integrity sha512-lrbCJwD9saUQrqUfXvl6qoM+QN3W7tLV5pAOs+OqOmopCCz/JkE05MHedJR1xfk4IAnZuJXPVuN5+7jNA2ZCiA==

duplexer@^0.1.2:
  version "0.1.2"
  resolved "https://registry.npmjs.org/duplexer/-/duplexer-0.1.2.tgz"
  integrity sha512-jtD6YG370ZCIi/9GTaJKQxWTZD045+4R4hTk/x1UyoqadyJ9x9CgSi1RlVDQF8U2sxLLSnFkCaMihqljHIWgMg==

esbuild@^0.16.14:
  version "0.16.17"
  resolved "https://registry.npmjs.org/esbuild/-/esbuild-0.16.17.tgz"
  integrity sha512-G8LEkV0XzDMNwXKgM0Jwu3nY3lSTwSGY6XbxM9cr9+s0T/qSV1q1JVPBGzm3dcjhCic9+emZDmMffkwgPeOeLg==
  optionalDependencies:
    "@esbuild/android-arm" "0.16.17"
    "@esbuild/android-arm64" "0.16.17"
    "@esbuild/android-x64" "0.16.17"
    "@esbuild/darwin-arm64" "0.16.17"
    "@esbuild/darwin-x64" "0.16.17"
    "@esbuild/freebsd-arm64" "0.16.17"
    "@esbuild/freebsd-x64" "0.16.17"
    "@esbuild/linux-arm" "0.16.17"
    "@esbuild/linux-arm64" "0.16.17"
    "@esbuild/linux-ia32" "0.16.17"
    "@esbuild/linux-loong64" "0.16.17"
    "@esbuild/linux-mips64el" "0.16.17"
    "@esbuild/linux-ppc64" "0.16.17"
    "@esbuild/linux-riscv64" "0.16.17"
    "@esbuild/linux-s390x" "0.16.17"
    "@esbuild/linux-x64" "0.16.17"
    "@esbuild/netbsd-x64" "0.16.17"
    "@esbuild/openbsd-x64" "0.16.17"
    "@esbuild/sunos-x64" "0.16.17"
    "@esbuild/win32-arm64" "0.16.17"
    "@esbuild/win32-ia32" "0.16.17"
    "@esbuild/win32-x64" "0.16.17"

estree-walker@^2.0.2:
  version "2.0.2"
  resolved "https://registry.npmjs.org/estree-walker/-/estree-walker-2.0.2.tgz"
  integrity sha512-Rfkk/Mp/DL7JVje3u18FxFujQlTNR2q6QfMSMB7AvCBx91NGj/ba3kCfza0f6dVDbw7YlRf/nDrn7pQrCCyQ/w==

execa@^5.1.1:
  version "5.1.1"
  resolved "https://registry.npmjs.org/execa/-/execa-5.1.1.tgz"
  integrity sha512-8uSpZZocAZRBAPIEINJj3Lo9HyGitllczc27Eh5YYojjMFMn8yHMDMaUHE2Jqfq05D/wucwI4JGURyXt1vchyg==
  dependencies:
    cross-spawn "^7.0.3"
    get-stream "^6.0.0"
    human-signals "^2.1.0"
    is-stream "^2.0.0"
    merge-stream "^2.0.0"
    npm-run-path "^4.0.1"
    onetime "^5.1.2"
    signal-exit "^3.0.3"
    strip-final-newline "^2.0.0"

fast-glob@^3.2.12:
  version "3.2.12"
  resolved "https://registry.npmjs.org/fast-glob/-/fast-glob-3.2.12.tgz"
  integrity sha512-DVj4CQIYYow0BlaelwK1pHl5n5cRSJfM60UA0zK891sVInoPri2Ekj7+e1CT3/3qxXenpI+nBBmQAcJPJgaj4w==
  dependencies:
    "@nodelib/fs.stat" "^2.0.2"
    "@nodelib/fs.walk" "^1.2.3"
    glob-parent "^5.1.2"
    merge2 "^1.3.0"
    micromatch "^4.0.4"

fastq@^1.6.0:
  version "1.13.0"
  resolved "https://registry.npmjs.org/fastq/-/fastq-1.13.0.tgz"
  integrity sha512-YpkpUnK8od0o1hmeSc7UUs/eB/vIPWJYjKck2QKIzAf71Vm1AAQ3EbuZB3g2JIy+pg+ERD0vqI79KyZiB2e2Nw==
  dependencies:
    reusify "^1.0.4"

fill-range@^7.0.1:
  version "7.0.1"
  resolved "https://registry.npmjs.org/fill-range/-/fill-range-7.0.1.tgz"
  integrity sha512-qOo9F+dMUmC2Lcb4BbVvnKJxTPjCm+RRpe4gDuGrzkL7mEVl/djYSu2OdQ2Pa302N4oqkSg9ir6jaLWJ2USVpQ==
  dependencies:
    to-regex-range "^5.0.1"

find-up@^5.0.0:
  version "5.0.0"
  resolved "https://registry.npmjs.org/find-up/-/find-up-5.0.0.tgz"
  integrity sha512-78/PXT1wlLLDgTzDs7sjq9hzz0vXD+zn+7wypEe4fXQxCmdmqfGsEPQxmiCSQI3ajFV91bVSsvNtrJRiW6nGng==
  dependencies:
    locate-path "^6.0.0"
    path-exists "^4.0.0"

function-bind@^1.1.1:
  version "1.1.1"
  resolved "https://registry.npmjs.org/function-bind/-/function-bind-1.1.1.tgz"
  integrity sha512-yIovAzMX49sF8Yl58fSCWJ5svSLuaibPxXQJFLmBObTuCr0Mf1KiPopGM9NiFjiYBCbfaa2Fh6breQ6ANVTI0A==

get-stream@^6.0.0:
  version "6.0.1"
  resolved "https://registry.npmjs.org/get-stream/-/get-stream-6.0.1.tgz"
  integrity sha512-ts6Wi+2j3jQjqi70w5AlN8DFnkSwC+MqmxEzdEALB2qXZYV3X/b1CTfgPLGJNMeAWxdPfU8FO1ms3NUfaHCPYg==

glob-parent@^5.1.2, glob-parent@~5.1.2:
  version "5.1.2"
  resolved "https://registry.npmjs.org/glob-parent/-/glob-parent-5.1.2.tgz"
  integrity sha512-AOIgSQCepiJYwP3ARnGx+5VnTu2HBYdzbGP45eLw1vr3zB3vZLeyed1sC9hnbcOc9/SrMyM5RPQrkGz4aS9Zow==
  dependencies:
    is-glob "^4.0.1"

gsap@^3.11.4:
  version "3.11.4"
  resolved "https://registry.npmjs.org/gsap/-/gsap-3.11.4.tgz"
  integrity sha512-McHhEguHyExMMnjqKA8G+7TvxmlKQGMbjgwAilnFe1e4id7V/tFveRQ2YMZhTYu0oxHGWvbPltdVYQOu3z1SCA==

gzip-size@^6.0.0:
  version "6.0.0"
  resolved "https://registry.npmjs.org/gzip-size/-/gzip-size-6.0.0.tgz"
  integrity sha512-ax7ZYomf6jqPTQ4+XCpUGyXKHk5WweS+e05MBO4/y3WJ5RkmPXNKvX+bx1behVILVwr6JSQvZAku021CHPXG3Q==
  dependencies:
    duplexer "^0.1.2"

has@^1.0.3:
  version "1.0.3"
  resolved "https://registry.npmjs.org/has/-/has-1.0.3.tgz"
  integrity sha512-f2dvO0VU6Oej7RkWJGrehjbzMAjFp5/VKPp5tTpWIV4JHHZK1/BxbFRtf/siA2SWTe09caDmVtYYzWEIbBS4zw==
  dependencies:
    function-bind "^1.1.1"

human-signals@^2.1.0:
  version "2.1.0"
  resolved "https://registry.npmjs.org/human-signals/-/human-signals-2.1.0.tgz"
  integrity sha512-B4FFZ6q/T2jhhksgkbEW3HBvWIfDW85snkQgawt07S7J5QXTk6BkNV+0yAeZrM5QpMAdYlocGoljn0sJ/WQkFw==

is-binary-path@~2.1.0:
  version "2.1.0"
  resolved "https://registry.npmjs.org/is-binary-path/-/is-binary-path-2.1.0.tgz"
  integrity sha512-ZMERYes6pDydyuGidse7OsHxtbI7WVeUEozgR/g7rd0xUimYNlvZRE/K2MgZTjWy725IfelLeVcEM97mmtRGXw==
  dependencies:
    binary-extensions "^2.0.0"

is-core-module@^2.9.0:
  version "2.11.0"
  resolved "https://registry.npmjs.org/is-core-module/-/is-core-module-2.11.0.tgz"
  integrity sha512-RRjxlvLDkD1YJwDbroBHMb+cukurkDWNyHx7D3oNB5x9rb5ogcksMC5wHCadcXoo67gVr/+3GFySh3134zi6rw==
  dependencies:
    has "^1.0.3"

is-extglob@^2.1.1:
  version "2.1.1"
  resolved "https://registry.npmjs.org/is-extglob/-/is-extglob-2.1.1.tgz"
  integrity sha512-SbKbANkN603Vi4jEZv49LeVJMn4yGwsbzZworEoyEiutsN3nJYdbO36zfhGJ6QEDpOZIFkDtnq5JRxmvl3jsoQ==

is-glob@^4.0.1, is-glob@~4.0.1:
  version "4.0.3"
  resolved "https://registry.npmjs.org/is-glob/-/is-glob-4.0.3.tgz"
  integrity sha512-xelSayHH36ZgE7ZWhli7pW34hNbNl8Ojv5KVmkJD4hBdD3th8Tfk9vYasLM+mXWOZhFkgZfxhLSnrwRr4elSSg==
  dependencies:
    is-extglob "^2.1.1"

is-number@^7.0.0:
  version "7.0.0"
  resolved "https://registry.npmjs.org/is-number/-/is-number-7.0.0.tgz"
  integrity sha512-41Cifkg6e8TylSpdtTpeLVMqvSBEVzTttHvERD741+pnZ8ANv0004MRL43QKPDlK9cGvNp6NZWZUBlbGXYxxng==

is-stream@^2.0.0:
  version "2.0.1"
  resolved "https://registry.npmjs.org/is-stream/-/is-stream-2.0.1.tgz"
  integrity sha512-hFoiJiTl63nn+kstHGBtewWSKnQLpyb155KHheA1l39uvtO9nWIop1p3udqPcUd/xbF1VLMO4n7OI6p7RbngDg==

isexe@^2.0.0:
  version "2.0.0"
  resolved "https://registry.npmjs.org/isexe/-/isexe-2.0.0.tgz"
  integrity sha512-RHxMLp9lnKHGHRng9QFhRCMbYAcVpn69smSGcq3f36xjgVVWThj4qqLbTLlq7Ssj8B+fIQ1EuCEGI2lKsyQeIw==

jiti@^1.16.0:
  version "1.16.0"
  resolved "https://registry.npmjs.org/jiti/-/jiti-1.16.0.tgz"
  integrity sha512-L3BJStEf5NAqNuzrpfbN71dp43mYIcBUlCRea/vdyv5dW/AYa1d4bpelko4SHdY3I6eN9Wzyasxirj1/vv5kmg==

kolorist@^1.7.0:
  version "1.7.0"
  resolved "https://registry.npmjs.org/kolorist/-/kolorist-1.7.0.tgz"
  integrity sha512-ymToLHqL02udwVdbkowNpzjFd6UzozMtshPQKVi5k1EjKRqKqBrOnE9QbLEb0/pV76SAiIT13hdL8R6suc+f3g==

local-pkg@^0.4.3:
  version "0.4.3"
  resolved "https://registry.npmjs.org/local-pkg/-/local-pkg-0.4.3.tgz"
  integrity sha512-SFppqq5p42fe2qcZQqqEOiVRXl+WCP1MdT6k7BDEW1j++sp5fIY+/fdRQitvKgB5BrBcmrs5m/L0v2FrU5MY1g==

locate-path@^6.0.0:
  version "6.0.0"
  resolved "https://registry.npmjs.org/locate-path/-/locate-path-6.0.0.tgz"
  integrity sha512-iPZK6eYjbxRu3uB4/WZ3EsEIMJFMqAoopl3R+zuq0UjcAm/MO6KCweDgPfP3elTztoKP3KtnVHxTn2NHBSDVUw==
  dependencies:
    p-locate "^5.0.0"

magic-string@^0.25.7:
  version "0.25.9"
  resolved "https://registry.npmjs.org/magic-string/-/magic-string-0.25.9.tgz"
  integrity sha512-RmF0AsMzgt25qzqqLc1+MbHmhdx0ojF2Fvs4XnOqz2ZOBXzzkEwc/dJQZCYHAn7v1jbVOjAZfK8msRn4BxO4VQ==
  dependencies:
    sourcemap-codec "^1.4.8"

magic-string@^0.27.0:
  version "0.27.0"
  resolved "https://registry.npmjs.org/magic-string/-/magic-string-0.27.0.tgz"
  integrity sha512-8UnnX2PeRAPZuN12svgR9j7M1uWMovg/CEnIwIG0LFkXSJJe4PdfUGiTGl8V9bsBHFUtfVINcSyYxd7q+kx9fA==
  dependencies:
    "@jridgewell/sourcemap-codec" "^1.4.13"

magic-string@^0.29.0:
  version "0.29.0"
  resolved "https://registry.npmjs.org/magic-string/-/magic-string-0.29.0.tgz"
  integrity sha512-WcfidHrDjMY+eLjlU+8OvwREqHwpgCeKVBUpQ3OhYYuvfaYCUgcbuBzappNzZvg/v8onU3oQj+BYpkOJe9Iw4Q==
  dependencies:
    "@jridgewell/sourcemap-codec" "^1.4.13"

mdn-data@2.0.30:
  version "2.0.30"
  resolved "https://registry.npmjs.org/mdn-data/-/mdn-data-2.0.30.tgz"
  integrity sha512-GaqWWShW4kv/G9IEucWScBx9G1/vsFZZJUO+tD26M8J8z3Kw5RDQjaoZe03YAClgeS/SWPOcb4nkFBTEi5DUEA==

merge-stream@^2.0.0:
  version "2.0.0"
  resolved "https://registry.npmjs.org/merge-stream/-/merge-stream-2.0.0.tgz"
  integrity sha512-abv/qOcuPfk3URPfDzmZU1LKmuw8kT+0nIHvKrKgFrwifol/doWcdA4ZqsWQ8ENrFKkd67Mfpo/LovbIUsbt3w==

merge2@^1.3.0:
  version "1.4.1"
  resolved "https://registry.npmjs.org/merge2/-/merge2-1.4.1.tgz"
  integrity sha512-8q7VEgMJW4J8tcfVPy8g09NcQwZdbwFEqhe/WZkoIzjn/3TGDwtOCYtXGxA3O8tPzpczCCDgv+P2P5y00ZJOOg==

micromatch@^4.0.4:
  version "4.0.5"
  resolved "https://registry.npmjs.org/micromatch/-/micromatch-4.0.5.tgz"
  integrity sha512-DMy+ERcEW2q8Z2Po+WNXuw3c5YaUSFjAO5GsJqfEl7UjvtIuFKO6ZrKvcItdy98dwFI2N1tg3zNIdKaQT+aNdA==
  dependencies:
    braces "^3.0.2"
    picomatch "^2.3.1"

mimic-fn@^2.1.0:
  version "2.1.0"
  resolved "https://registry.npmjs.org/mimic-fn/-/mimic-fn-2.1.0.tgz"
  integrity sha512-OqbOk5oEQeAZ8WXWydlu9HJjz9WVdEIvamMCcXmuqUYjTknH/sqsWvhQ3vgwKFRR1HpjvNBKQ37nbJgYzGqGcg==

mrmime@^1.0.0:
  version "1.0.1"
  resolved "https://registry.npmjs.org/mrmime/-/mrmime-1.0.1.tgz"
  integrity sha512-hzzEagAgDyoU1Q6yg5uI+AorQgdvMCur3FcKf7NhMKWsaYg+RnbTyHRa/9IlLF9rf455MOCtcqqrQQ83pPP7Uw==

ms@2.1.2:
  version "2.1.2"
  resolved "https://registry.npmjs.org/ms/-/ms-2.1.2.tgz"
  integrity sha512-sGkPx+VjMtmA6MX27oA4FBFELFCZZ4S4XqeGOXCv68tT+jb3vk/RyaKWP0PTKyWtmLSM0b+adUTEvbs1PEaH2w==

nanoid@^3.3.4:
  version "3.3.4"
  resolved "https://registry.npmjs.org/nanoid/-/nanoid-3.3.4.tgz"
  integrity sha512-MqBkQh/OHTS2egovRtLk45wEyNXwF+cokD+1YPf9u5VfJiRdAiRwB2froX5Co9Rh20xs4siNPm8naNotSD6RBw==

node-fetch-native@^1.0.2:
  version "1.0.2"
  resolved "https://registry.npmjs.org/node-fetch-native/-/node-fetch-native-1.0.2.tgz"
  integrity sha512-KIkvH1jl6b3O7es/0ShyCgWLcfXxlBrLBbP3rOr23WArC66IMcU4DeZEeYEOwnopYhawLTn7/y+YtmASe8DFVQ==

normalize-path@^3.0.0, normalize-path@~3.0.0:
  version "3.0.0"
  resolved "https://registry.npmjs.org/normalize-path/-/normalize-path-3.0.0.tgz"
  integrity sha512-6eZs5Ls3WtCisHWp9S2GUy8dqkpGi4BVSz3GaqiE6ezub0512ESztXUwUB6C6IKbQkY2Pnb/mD4WYojCRwcwLA==

npm-run-path@^4.0.1:
  version "4.0.1"
  resolved "https://registry.npmjs.org/npm-run-path/-/npm-run-path-4.0.1.tgz"
  integrity sha512-S48WzZW777zhNIrn7gxOlISNAqi9ZC/uQFnRdbeIHhZhCA6UqpkOT8T1G7BvfdgP4Er8gF4sUbaS0i7QvIfCWw==
  dependencies:
    path-key "^3.0.0"

ofetch@^1.0.0:
  version "1.0.1"
  resolved "https://registry.npmjs.org/ofetch/-/ofetch-1.0.1.tgz"
  integrity sha512-icBz2JYfEpt+wZz1FRoGcrMigjNKjzvufE26m9+yUiacRQRHwnNlGRPiDnW4op7WX/MR6aniwS8xw8jyVelF2g==
  dependencies:
    destr "^1.2.2"
    node-fetch-native "^1.0.2"
    ufo "^1.1.0"

onetime@^5.1.2:
  version "5.1.2"
  resolved "https://registry.npmjs.org/onetime/-/onetime-5.1.2.tgz"
  integrity sha512-kbpaSSGJTWdAY5KPVeMOKXSrPtr8C8C7wodJbcsd51jRnmD+GZu8Y0VoU6Dm5Z4vWr0Ig/1NKuWRKf7j5aaYSg==
  dependencies:
    mimic-fn "^2.1.0"

p-limit@^3.0.2:
  version "3.1.0"
  resolved "https://registry.npmjs.org/p-limit/-/p-limit-3.1.0.tgz"
  integrity sha512-TYOanM3wGwNGsZN2cVTYPArw454xnXj5qmWF1bEoAc4+cU/ol7GVh7odevjp1FNHduHc3KZMcFduxU5Xc6uJRQ==
  dependencies:
    yocto-queue "^0.1.0"

p-locate@^5.0.0:
  version "5.0.0"
  resolved "https://registry.npmjs.org/p-locate/-/p-locate-5.0.0.tgz"
  integrity sha512-LaNjtRWUBY++zB5nE/NwcaoMylSPk+S+ZHNB1TzdbMJMny6dynpAGt7X/tl/QYq3TIeE6nxHppbo2LGymrG5Pw==
  dependencies:
    p-limit "^3.0.2"

path-exists@^4.0.0:
  version "4.0.0"
  resolved "https://registry.npmjs.org/path-exists/-/path-exists-4.0.0.tgz"
  integrity sha512-ak9Qy5Q7jYb2Wwcey5Fpvg2KoAc/ZIhLSLOSBmRmygPsGwkVVt0fZa0qrtMz+m6tJTAHfZQ8FnmB4MG4LWy7/w==

path-key@^3.0.0, path-key@^3.1.0:
  version "3.1.1"
  resolved "https://registry.npmjs.org/path-key/-/path-key-3.1.1.tgz"
  integrity sha512-ojmeN0qd+y0jszEtoY48r0Peq5dwMEkIlCOu6Q5f41lfkswXuKtYrhgoTpLnyIcHm24Uhqx+5Tqm2InSwLhE6Q==

path-parse@^1.0.7:
  version "1.0.7"
  resolved "https://registry.npmjs.org/path-parse/-/path-parse-1.0.7.tgz"
  integrity sha512-LDJzPVEEEPR+y48z93A0Ed0yXb8pAByGWo/k5YYdYgpY2/2EsOsksJrq7lOHxryrVOn1ejG6oAp8ahvOIQD8sw==

pathe@^1.1.0:
  version "1.1.0"
  resolved "https://registry.npmjs.org/pathe/-/pathe-1.1.0.tgz"
  integrity sha512-ODbEPR0KKHqECXW1GoxdDb+AZvULmXjVPy4rt+pGo2+TnjJTIPJQSVS6N63n8T2Ip+syHhbn52OewKicV0373w==

perfect-debounce@^0.1.3:
  version "0.1.3"
  resolved "https://registry.npmjs.org/perfect-debounce/-/perfect-debounce-0.1.3.tgz"
  integrity sha512-NOT9AcKiDGpnV/HBhI22Str++XWcErO/bALvHCuhv33owZW/CjH8KAFLZDCmu3727sihe0wTxpDhyGc6M8qacQ==

picocolors@^1.0.0:
  version "1.0.0"
  resolved "https://registry.npmjs.org/picocolors/-/picocolors-1.0.0.tgz"
  integrity sha512-1fygroTLlHu66zi26VoTDv8yRgm0Fccecssto+MhsZ0D/DGW2sm8E8AjW7NU5VVTRt5GxbeZ5qBuJr+HyLYkjQ==

picomatch@^2.0.4, picomatch@^2.2.1, picomatch@^2.3.1:
  version "2.3.1"
  resolved "https://registry.npmjs.org/picomatch/-/picomatch-2.3.1.tgz"
  integrity sha512-JU3teHTNjmE2VCGFzuY8EXzCDVwEqB2a8fsIvwaStHhAWJEeVd1o1QD80CU6+ZdEXXSLbSsuLwJjkCBWqRQUVA==

postcss@^8.1.10, postcss@^8.4.21:
  version "8.4.21"
  resolved "https://registry.npmjs.org/postcss/-/postcss-8.4.21.tgz"
  integrity sha512-tP7u/Sn/dVxK2NnruI4H9BG+x+Wxz6oeZ1cJ8P6G/PZY0IKk4k/63TDsQf2kQq3+qoJeLm2kIBUNlZe3zgb4Zg==
  dependencies:
    nanoid "^3.3.4"
    picocolors "^1.0.0"
    source-map-js "^1.0.2"

queue-microtask@^1.2.2:
  version "1.2.3"
  resolved "https://registry.npmjs.org/queue-microtask/-/queue-microtask-1.2.3.tgz"
  integrity sha512-NuaNSa6flKT5JaSYQzJok04JzTL1CA6aGhv5rfLW3PgqA+M2ChpZQnAC8h8i4ZFkBS8X5RqkDBHA7r4hej3K9A==

readdirp@~3.6.0:
  version "3.6.0"
  resolved "https://registry.npmjs.org/readdirp/-/readdirp-3.6.0.tgz"
  integrity sha512-hOS089on8RduqdbhvQ5Z37A0ESjsqz6qnRcffsMU3495FuTdqSm+7bhJ29JvIOsBDEEnan5DPu9t3To9VRlMzA==
  dependencies:
    picomatch "^2.2.1"

resolve@^1.22.1:
  version "1.22.1"
  resolved "https://registry.npmjs.org/resolve/-/resolve-1.22.1.tgz"
  integrity sha512-nBpuuYuY5jFsli/JIs1oldw6fOQCBioohqWZg/2hiaOybXOft4lonv85uDOKXdf8rhyK159cxU5cDcK/NKk8zw==
  dependencies:
    is-core-module "^2.9.0"
    path-parse "^1.0.7"
    supports-preserve-symlinks-flag "^1.0.0"

reusify@^1.0.4:
  version "1.0.4"
  resolved "https://registry.npmjs.org/reusify/-/reusify-1.0.4.tgz"
  integrity sha512-U9nH88a3fc/ekCF1l0/UP1IosiuIjyTh7hBvXVMHYgVcfGvt897Xguj2UOLDeI5BG2m7/uwyaLVT6fbtCwTyzw==

rollup@^1.20.0||^2.0.0||^3.0.0, rollup@^3.10.0:
  version "3.17.2"
  resolved "https://registry.npmjs.org/rollup/-/rollup-3.17.2.tgz"
  integrity sha512-qMNZdlQPCkWodrAZ3qnJtvCAl4vpQ8q77uEujVCCbC/6CLB7Lcmvjq7HyiOSnf4fxTT9XgsE36oLHJBH49xjqA==
  optionalDependencies:
    fsevents "~2.3.2"

run-parallel@^1.1.9:
  version "1.2.0"
  resolved "https://registry.npmjs.org/run-parallel/-/run-parallel-1.2.0.tgz"
  integrity sha512-5l4VyZR86LZ/lDxZTR6jqL8AFE2S0IFLMP26AbjsLVADxHdhB/c0GUsH+y39UfCi3dzz8OlQuPmnaJOMoDHQBA==
  dependencies:
    queue-microtask "^1.2.2"

shebang-command@^2.0.0:
  version "2.0.0"
  resolved "https://registry.npmjs.org/shebang-command/-/shebang-command-2.0.0.tgz"
  integrity sha512-kHxr2zZpYtdmrN1qDjrrX/Z1rR1kG8Dx+gkpK1G4eXmvXswmcE1hTWBWYUzlraYw1/yZp6YuDY77YtvbN0dmDA==
  dependencies:
    shebang-regex "^3.0.0"

shebang-regex@^3.0.0:
  version "3.0.0"
  resolved "https://registry.npmjs.org/shebang-regex/-/shebang-regex-3.0.0.tgz"
  integrity sha512-7++dFhtcx3353uBaq8DDR4NuxBetBzC7ZQOhmTQInHEd6bSrXdiEyzCvG07Z44UYdLShWUyXt5M/yhz8ekcb1A==

signal-exit@^3.0.3:
  version "3.0.7"
  resolved "https://registry.npmjs.org/signal-exit/-/signal-exit-3.0.7.tgz"
  integrity sha512-wnD2ZE+l+SPC/uoS0vXeE9L1+0wuaMqKlfz9AMUo38JsyLSBWSFcHR1Rri62LZc12vLr1gb3jl7iwQhgwpAbGQ==

sirv@^2.0.2:
  version "2.0.2"
  resolved "https://registry.npmjs.org/sirv/-/sirv-2.0.2.tgz"
  integrity sha512-4Qog6aE29nIjAOKe/wowFTxOdmbEZKb+3tsLljaBRzJwtqto0BChD2zzH0LhgCSXiI+V7X+Y45v14wBZQ1TK3w==
  dependencies:
    "@polka/url" "^1.0.0-next.20"
    mrmime "^1.0.0"
    totalist "^3.0.0"

source-map-js@^1.0.1, source-map-js@^1.0.2:
  version "1.0.2"
  resolved "https://registry.npmjs.org/source-map-js/-/source-map-js-1.0.2.tgz"
  integrity sha512-R0XvVJ9WusLiqTCEiGCmICCMplcCkIwwR11mOSD9CR5u+IXYdiseeEuXCVAjS54zqwkLcPNnmU4OeJ6tUrWhDw==

source-map@^0.6.1:
  version "0.6.1"
  resolved "https://registry.npmjs.org/source-map/-/source-map-0.6.1.tgz"
  integrity sha512-UjgapumWlbMhkBgzT7Ykc5YXUT46F0iKu8SGXq0bcwP5dz/h0Plj6enJqjz1Zbq2l5WaqYnrVbwWOWMyF3F47g==

sourcemap-codec@^1.4.8:
  version "1.4.8"
  resolved "https://registry.npmjs.org/sourcemap-codec/-/sourcemap-codec-1.4.8.tgz"
  integrity sha512-9NykojV5Uih4lgo5So5dtw+f0JgJX30KCNI8gwhz2J9A15wD0Ml6tjHKwf6fTSa6fAdVBdZeNOs9eJ71qCk8vA==

split-type@^0.3.3:
  version "0.3.3"
  resolved "https://registry.npmjs.org/split-type/-/split-type-0.3.3.tgz"
  integrity sha512-gEA90DEHJhdT/5Da2gR7FPHgaGgivTN4PfZBtHKcl4quDLsE3x7tJlGTKEp4yyqpfi1wCaqeKE+s2UCqBRjJYA==

strip-final-newline@^2.0.0:
  version "2.0.0"
  resolved "https://registry.npmjs.org/strip-final-newline/-/strip-final-newline-2.0.0.tgz"
  integrity sha512-BrpvfNAE3dcvq7ll3xVumzjKjZQ5tI1sEUIKr3Uoks0XUl45St3FlatVqef9prk4jRDzhW6WZg+3bk93y6pLjA==

supports-preserve-symlinks-flag@^1.0.0:
  version "1.0.0"
  resolved "https://registry.npmjs.org/supports-preserve-symlinks-flag/-/supports-preserve-symlinks-flag-1.0.0.tgz"
  integrity sha512-ot0WnXS9fgdkgIcePe6RHNk1WA8+muPa6cSjeR3V8K27q9BB1rTE3R1p7Hv0z1ZyAc8s6Vvv8DIyWf681MAt0w==

to-regex-range@^5.0.1:
  version "5.0.1"
  resolved "https://registry.npmjs.org/to-regex-range/-/to-regex-range-5.0.1.tgz"
  integrity sha512-65P7iz6X5yEr1cwcgvQxbbIw7Uk3gOy5dIdtZ4rDveLqhrdJP+Li/Hx6tyK0NEb+2GCyneCMJiGqrADCSNk8sQ==
  dependencies:
    is-number "^7.0.0"

totalist@^3.0.0:
  version "3.0.0"
  resolved "https://registry.npmjs.org/totalist/-/totalist-3.0.0.tgz"
  integrity sha512-eM+pCBxXO/njtF7vdFsHuqb+ElbxqtI4r5EAvk6grfAFyJ6IvWlSkfZ5T9ozC6xWw3Fj1fGoSmrl0gUs46JVIw==

ufo@^1.1.0:
  version "1.1.0"
  resolved "https://registry.npmjs.org/ufo/-/ufo-1.1.0.tgz"
  integrity sha512-LQc2s/ZDMaCN3QLpa+uzHUOQ7SdV0qgv3VBXOolQGXTaaZpIur6PwUclF5nN2hNkiTRcUugXd1zFOW3FLJ135Q==

unconfig@^0.3.7:
  version "0.3.7"
  resolved "https://registry.npmjs.org/unconfig/-/unconfig-0.3.7.tgz"
  integrity sha512-1589b7oGa8ILBYpta7TndM5mLHLzHUqBfhszeZxuUBrjO/RoQ52VGVWsS3w0C0GLNxO9RPmqkf6BmIvBApaRdA==
  dependencies:
    "@antfu/utils" "^0.5.2"
    defu "^6.1.0"
    jiti "^1.16.0"

unocss@^0.49.7:
  version "0.49.7"
  resolved "https://registry.npmjs.org/unocss/-/unocss-0.49.7.tgz"
  integrity sha512-rHR1FDRChMw4wM2ZRdn+V11tShP14GigJmm7ljAeVHkARdSslLg8sC3u2YpF0sIMs4MX/xDrh+x2mTlt1Y+zaA==
  dependencies:
    "@unocss/astro" "0.49.7"
    "@unocss/cli" "0.49.7"
    "@unocss/core" "0.49.7"
    "@unocss/preset-attributify" "0.49.7"
    "@unocss/preset-icons" "0.49.7"
    "@unocss/preset-mini" "0.49.7"
    "@unocss/preset-tagify" "0.49.7"
    "@unocss/preset-typography" "0.49.7"
    "@unocss/preset-uno" "0.49.7"
    "@unocss/preset-web-fonts" "0.49.7"
    "@unocss/preset-wind" "0.49.7"
    "@unocss/reset" "0.49.7"
    "@unocss/transformer-attributify-jsx" "0.49.7"
    "@unocss/transformer-compile-class" "0.49.7"
    "@unocss/transformer-directives" "0.49.7"
    "@unocss/transformer-variant-group" "0.49.7"
    "@unocss/vite" "0.49.7"

"vite@^2.9.0 || ^3.0.0-0 || ^4.0.0", vite@^4.0.0, vite@^4.1.3:
  version "4.1.3"
  resolved "https://registry.npmjs.org/vite/-/vite-4.1.3.tgz"
  integrity sha512-0Zqo4/Fr/swSOBmbl+HAAhOjrqNwju+yTtoe4hQX9UsARdcuc9njyOdr6xU0DDnV7YP0RT6mgTTOiRtZgxfCxA==
  dependencies:
    esbuild "^0.16.14"
    postcss "^8.4.21"
    resolve "^1.22.1"
    rollup "^3.10.0"
  optionalDependencies:
    fsevents "~2.3.2"

vue@^3.2.25, vue@^3.2.47, vue@3.2.47:
  version "3.2.47"
  resolved "https://registry.npmjs.org/vue/-/vue-3.2.47.tgz"
  integrity sha512-60188y/9Dc9WVrAZeUVSDxRQOZ+z+y5nO2ts9jWXSTkMvayiWxCWOWtBQoYjLeccfXkiiPZWAHcV+WTPhkqJHQ==
  dependencies:
    "@vue/compiler-dom" "3.2.47"
    "@vue/compiler-sfc" "3.2.47"
    "@vue/runtime-dom" "3.2.47"
    "@vue/server-renderer" "3.2.47"
    "@vue/shared" "3.2.47"

which@^2.0.1:
  version "2.0.2"
  resolved "https://registry.npmjs.org/which/-/which-2.0.2.tgz"
  integrity sha512-BLI3Tl1TW3Pvl70l3yq3Y64i+awpwXqsGBYWkkqMtnbXgrMD+yj7rhW0kuEDxzJaYXGjEW5ogapKNMEKNMjibA==
  dependencies:
    isexe "^2.0.0"

yocto-queue@^0.1.0:
  version "0.1.0"
  resolved "https://registry.npmjs.org/yocto-queue/-/yocto-queue-0.1.0.tgz"
  integrity sha512-rVksvsnNCdJ/ohGc6xgPwyN8eheCxsiLM8mxuE/t/mOVqJewPuO1miLpTHQiRgTKCLexL4MeAFVagts7HmNZ2Q==
